
Microsoft Visual Studio Solution File, Format Version 12.00
# Visual Studio Version 17
VisualStudioVersion = 17.11.35201.85
MinimumVisualStudioVersion = 10.0.40219.1
Project("{FAE04EC0-301F-11D3-BF4B-00C04F79EFBC}") = "RazorPagesMovie", "RazorPagesMovie\RazorPagesMovie.csproj", "{05CF54E6-91F3-4A48-B242-5BB9F791B0DE}"
EndProject
Global
	GlobalSection(SolutionConfigurationPlatforms) = preSolution
		Debug|Any CPU = Debug|Any CPU
		Release|Any CPU = Release|Any CPU
	EndGlobalSection
	GlobalSection(ProjectConfigurationPlatforms) = postSolution
		{05CF54E6-91F3-4A48-B242-5BB9F791B0DE}.Debug|Any CPU.ActiveCfg = Debug|Any CPU
		{05CF54E6-91F3-4A48-B242-5BB9F791B0DE}.Debug|Any CPU.Build.0 = Debug|Any CPU
		{05CF54E6-91F3-4A48-B242-5BB9F791B0DE}.Release|Any CPU.ActiveCfg = Release|Any CPU
		{05CF54E6-91F3-4A48-B242-5BB9F791B0DE}.Release|Any CPU.Build.0 = Release|Any CPU
	EndGlobalSection
	GlobalSection(SolutionProperties) = preSolution
		HideSolutionNode = FALSE
	EndGlobalSection
	GlobalSection(ExtensibilityGlobals) = postSolution
		SolutionGuid = {49384174-8184-4B89-B03F-ABEEC4571FDB}
	EndGlobalSection
EndGlobal
